
Microsoft Visual Studio Solution File, Format Version 12.00
# Visual Studio Version 16
VisualStudioVersion = 16.0.31515.178
MinimumVisualStudioVersion = 10.0.40219.1
Project("{FAE04EC0-301F-11D3-BF4B-00C04F79EFBC}") = "Uploader", "Uploader.csproj", "{21BA4854-23AF-4110-B11A-370FBBC391C5}"
EndProject
Global
	GlobalSection(SolutionConfigurationPlatforms) = preSolution
		Debug|Any CPU = Debug|Any CPU
		Release|Any CPU = Release|Any CPU
	EndGlobalSection
	GlobalSection(ProjectConfigurationPlatforms) = postSolution
		{21BA4854-23AF-4110-B11A-370FBBC391C5}.Debug|Any CPU.ActiveCfg = Debug|Any CPU
		{21BA4854-23AF-4110-B11A-370FBBC391C5}.Debug|Any CPU.Build.0 = Debug|Any CPU
		{21BA4854-23AF-4110-B11A-370FBBC391C5}.Release|Any CPU.ActiveCfg = Release|Any CPU
		{21BA4854-23AF-4110-B11A-370FBBC391C5}.Release|Any CPU.Build.0 = Release|Any CPU
	EndGlobalSection
	GlobalSection(SolutionProperties) = preSolution
		HideSolutionNode = FALSE
	EndGlobalSection
	GlobalSection(ExtensibilityGlobals) = postSolution
		SolutionGuid = {74F2DF3D-9298-49D1-B249-F9B7F75B2BB2}
	EndGlobalSection
EndGlobal
